
Microsoft Visual Studio Solution File, Format Version 12.00
# Visual Studio 15
VisualStudioVersion = 15.0.27130.2010
MinimumVisualStudioVersion = 10.0.40219.1
Project("{FAE04EC0-301F-11D3-BF4B-00C04F79EFBC}") = "SimilarWebApi", "SimilarWebApi\SimilarWebApi.csproj", "{BD2C438F-610C-43AA-A605-A849D8135185}"
EndProject
Project("{FAE04EC0-301F-11D3-BF4B-00C04F79EFBC}") = "SessionCore", "SessionCore\SessionCore.csproj", "{182B3D0C-A35B-4CD2-B864-84437BB2B9F8}"
EndProject
Project("{FAE04EC0-301F-11D3-BF4B-00C04F79EFBC}") = "TestSessionCore", "TestSessionCore\TestSessionCore.csproj", "{581669C3-0D89-4911-B73E-F8FC470D2D5B}"
EndProject
Global
	GlobalSection(SolutionConfigurationPlatforms) = preSolution
		Debug|Any CPU = Debug|Any CPU
		Release|Any CPU = Release|Any CPU
	EndGlobalSection
	GlobalSection(ProjectConfigurationPlatforms) = postSolution
		{BD2C438F-610C-43AA-A605-A849D8135185}.Debug|Any CPU.ActiveCfg = Debug|Any CPU
		{BD2C438F-610C-43AA-A605-A849D8135185}.Debug|Any CPU.Build.0 = Debug|Any CPU
		{BD2C438F-610C-43AA-A605-A849D8135185}.Release|Any CPU.ActiveCfg = Release|Any CPU
		{BD2C438F-610C-43AA-A605-A849D8135185}.Release|Any CPU.Build.0 = Release|Any CPU
		{182B3D0C-A35B-4CD2-B864-84437BB2B9F8}.Debug|Any CPU.ActiveCfg = Debug|Any CPU
		{182B3D0C-A35B-4CD2-B864-84437BB2B9F8}.Debug|Any CPU.Build.0 = Debug|Any CPU
		{182B3D0C-A35B-4CD2-B864-84437BB2B9F8}.Release|Any CPU.ActiveCfg = Release|Any CPU
		{182B3D0C-A35B-4CD2-B864-84437BB2B9F8}.Release|Any CPU.Build.0 = Release|Any CPU
		{581669C3-0D89-4911-B73E-F8FC470D2D5B}.Debug|Any CPU.ActiveCfg = Debug|Any CPU
		{581669C3-0D89-4911-B73E-F8FC470D2D5B}.Debug|Any CPU.Build.0 = Debug|Any CPU
		{581669C3-0D89-4911-B73E-F8FC470D2D5B}.Release|Any CPU.ActiveCfg = Release|Any CPU
		{581669C3-0D89-4911-B73E-F8FC470D2D5B}.Release|Any CPU.Build.0 = Release|Any CPU
	EndGlobalSection
	GlobalSection(SolutionProperties) = preSolution
		HideSolutionNode = FALSE
	EndGlobalSection
	GlobalSection(ExtensibilityGlobals) = postSolution
		SolutionGuid = {0648C07E-4DF9-4AC3-975C-22BA30B26ABF}
	EndGlobalSection
EndGlobal
